{
  "version": 4,
  "terraform_version": "0.13.5",
  "serial": 63,
  "lineage": "9b7fa16f-9b61-243f-1b97-7c27aae84223",
  "outputs": {},
  "resources": [
    {
      "mode": "managed",
      "type": "google_compute_address",
      "name": "static",
      "provider": "provider[\"registry.terraform.io/hashicorp/google\"]",
      "instances": [
        {
          "schema_version": 0,
          "attributes": {
            "address": "10.148.0.66",
            "address_type": "INTERNAL",
            "creation_timestamp": "2021-02-11T08:04:34.770-08:00",
            "description": "",
            "id": "projects/festive-canto-302603/regions/asia-southeast1/addresses/ipv4-address",
            "name": "ipv4-address",
            "network_tier": "PREMIUM",
            "project": "festive-canto-302603",
            "purpose": "GCE_ENDPOINT",
            "region": "asia-southeast1",
            "self_link": "https://www.googleapis.com/compute/v1/projects/festive-canto-302603/regions/asia-southeast1/addresses/ipv4-address",
            "subnetwork": "https://www.googleapis.com/compute/v1/projects/festive-canto-302603/regions/asia-southeast1/subnetworks/default",
            "timeouts": null,
            "users": []
          },
          "private": "eyJlMmJmYjczMC1lY2FhLTExZTYtOGY4OC0zNDM2M2JjN2M0YzAiOnsiY3JlYXRlIjoyNDAwMDAwMDAwMDAsImRlbGV0ZSI6MjQwMDAwMDAwMDAwfX0="
        }
      ]
    },
    {
      "mode": "managed",
      "type": "google_compute_instance",
      "name": "instance_with_ip",
      "provider": "provider[\"registry.terraform.io/hashicorp/google\"]",
      "instances": [
        {
          "schema_version": 6,
          "attributes": {
            "allow_stopping_for_update": null,
            "attached_disk": [],
            "boot_disk": [
              {
                "auto_delete": true,
                "device_name": "persistent-disk-0",
                "disk_encryption_key_raw": "",
                "disk_encryption_key_sha256": "",
                "initialize_params": [
                  {
                    "image": "https://www.googleapis.com/compute/v1/projects/centos-cloud/global/images/centos-7-v20210122",
                    "labels": {},
                    "size": 20,
                    "type": "pd-standard"
                  }
                ],
                "kms_key_self_link": "",
                "mode": "READ_WRITE",
                "source": "https://www.googleapis.com/compute/v1/projects/festive-canto-302603/zones/asia-southeast1-a/disks/test2"
              }
            ],
            "can_ip_forward": false,
            "confidential_instance_config": [],
            "cpu_platform": "Intel Broadwell",
            "current_status": "RUNNING",
            "deletion_protection": false,
            "description": "",
            "desired_status": null,
            "enable_display": false,
            "guest_accelerator": [],
            "hostname": "",
            "id": "projects/festive-canto-302603/zones/asia-southeast1-a/instances/test2",
            "instance_id": "7773200822460541336",
            "label_fingerprint": "42WmSpB8rSM=",
            "labels": null,
            "machine_type": "n1-standard-1",
            "metadata": null,
            "metadata_fingerprint": "8z3em2VKusc=",
            "metadata_startup_script": "",
            "min_cpu_platform": "",
            "name": "test2",
            "network_interface": [
              {
                "access_config": [],
                "alias_ip_range": [],
                "name": "nic0",
                "network": "https://www.googleapis.com/compute/v1/projects/festive-canto-302603/global/networks/default",
                "network_ip": "10.148.0.63",
                "subnetwork": "https://www.googleapis.com/compute/v1/projects/festive-canto-302603/regions/asia-southeast1/subnetworks/default",
                "subnetwork_project": "festive-canto-302603"
              }
            ],
            "project": "festive-canto-302603",
            "resource_policies": null,
            "scheduling": [
              {
                "automatic_restart": true,
                "node_affinities": [],
                "on_host_maintenance": "MIGRATE",
                "preemptible": false
              }
            ],
            "scratch_disk": [],
            "self_link": "https://www.googleapis.com/compute/v1/projects/festive-canto-302603/zones/asia-southeast1-a/instances/test2",
            "service_account": [
              {
                "email": "314363817963-compute@developer.gserviceaccount.com",
                "scopes": [
                  "https://www.googleapis.com/auth/compute.readonly",
                  "https://www.googleapis.com/auth/devstorage.read_only",
                  "https://www.googleapis.com/auth/userinfo.email"
                ]
              }
            ],
            "shielded_instance_config": [
              {
                "enable_integrity_monitoring": true,
                "enable_secure_boot": false,
                "enable_vtpm": true
              }
            ],
            "tags": null,
            "tags_fingerprint": "42WmSpB8rSM=",
            "timeouts": null,
            "zone": "asia-southeast1-a"
          },
          "private": "eyJlMmJmYjczMC1lY2FhLTExZTYtOGY4OC0zNDM2M2JjN2M0YzAiOnsiY3JlYXRlIjoxMjAwMDAwMDAwMDAwLCJkZWxldGUiOjEyMDAwMDAwMDAwMDAsInVwZGF0ZSI6MTIwMDAwMDAwMDAwMH0sInNjaGVtYV92ZXJzaW9uIjoiNiJ9"
        }
      ]
    }
  ]
}
